
Microsoft Visual Studio Solution File, Format Version 12.00
# Visual Studio Version 17
VisualStudioVersion = 17.2.32516.85
MinimumVisualStudioVersion = 10.0.40219.1
Project("{FAE04EC0-301F-11D3-BF4B-00C04F79EFBC}") = "FileHandlingHandson", "FileHandlingHandson.csproj", "{2535551C-7A1D-45A7-AB25-7F1C6473B99E}"
EndProject
Global
	GlobalSection(SolutionConfigurationPlatforms) = preSolution
		Debug|Any CPU = Debug|Any CPU
		Release|Any CPU = Release|Any CPU
	EndGlobalSection
	GlobalSection(ProjectConfigurationPlatforms) = postSolution
		{2535551C-7A1D-45A7-AB25-7F1C6473B99E}.Debug|Any CPU.ActiveCfg = Debug|Any CPU
		{2535551C-7A1D-45A7-AB25-7F1C6473B99E}.Debug|Any CPU.Build.0 = Debug|Any CPU
		{2535551C-7A1D-45A7-AB25-7F1C6473B99E}.Release|Any CPU.ActiveCfg = Release|Any CPU
		{2535551C-7A1D-45A7-AB25-7F1C6473B99E}.Release|Any CPU.Build.0 = Release|Any CPU
	EndGlobalSection
	GlobalSection(SolutionProperties) = preSolution
		HideSolutionNode = FALSE
	EndGlobalSection
	GlobalSection(ExtensibilityGlobals) = postSolution
		SolutionGuid = {B70C7A07-6B99-4B72-83A9-0207CD152ED3}
	EndGlobalSection
EndGlobal
